
Microsoft Visual Studio Solution File, Format Version 12.00
# Visual Studio 14
VisualStudioVersion = 14.0.25420.1
MinimumVisualStudioVersion = 10.0.40219.1
Project("{FAE04EC0-301F-11D3-BF4B-00C04F79EFBC}") = "HelloCSharp", "HelloCSharp\HelloCSharp.csproj", "{273808BB-7714-47E5-886B-62E873A3DFB8}"
EndProject
Project("{FAE04EC0-301F-11D3-BF4B-00C04F79EFBC}") = "Expression", "Expression\Expression.csproj", "{0C1C10B5-A6C9-4DAC-A2C2-2FE42DB670AE}"
EndProject
Project("{FAE04EC0-301F-11D3-BF4B-00C04F79EFBC}") = "NumbersFrom1To20", "NumbersFrom1To20\NumbersFrom1To20.csproj", "{DF9D7C19-51ED-4E15-8964-30F893CA474A}"
EndProject
Project("{FAE04EC0-301F-11D3-BF4B-00C04F79EFBC}") = "TriangleOf55Stars", "TriangleOf55Stars\TriangleOf55Stars.csproj", "{7EA2F11D-F943-4D19-856B-344F10D78EA9}"
EndProject
Project("{FAE04EC0-301F-11D3-BF4B-00C04F79EFBC}") = "AreaOfRectangle", "AreaOfRectangle\AreaOfRectangle.csproj", "{9A379B78-90C8-4D22-950E-3AB32C78899D}"
EndProject
Project("{FAE04EC0-301F-11D3-BF4B-00C04F79EFBC}") = "SquareOfStars", "SquareOfStars\SquareOfStars.csproj", "{9A4829D7-6330-41AC-B7C5-B3DAD81F728F}"
EndProject
Project("{FAE04EC0-301F-11D3-BF4B-00C04F79EFBC}") = "Sumator", "Sumator\Sumator.csproj", "{C7A5DF0C-6D90-4638-8D87-0DF16250A0E8}"
EndProject
Project("{FAE04EC0-301F-11D3-BF4B-00C04F79EFBC}") = "WebSumator", "WebSumator\WebSumator.csproj", "{8C95AB2D-ED2B-4541-B929-C3FF332C2878}"
EndProject
Global
	GlobalSection(SolutionConfigurationPlatforms) = preSolution
		Debug|Any CPU = Debug|Any CPU
		Release|Any CPU = Release|Any CPU
	EndGlobalSection
	GlobalSection(ProjectConfigurationPlatforms) = postSolution
		{273808BB-7714-47E5-886B-62E873A3DFB8}.Debug|Any CPU.ActiveCfg = Debug|Any CPU
		{273808BB-7714-47E5-886B-62E873A3DFB8}.Debug|Any CPU.Build.0 = Debug|Any CPU
		{273808BB-7714-47E5-886B-62E873A3DFB8}.Release|Any CPU.ActiveCfg = Release|Any CPU
		{273808BB-7714-47E5-886B-62E873A3DFB8}.Release|Any CPU.Build.0 = Release|Any CPU
		{0C1C10B5-A6C9-4DAC-A2C2-2FE42DB670AE}.Debug|Any CPU.ActiveCfg = Debug|Any CPU
		{0C1C10B5-A6C9-4DAC-A2C2-2FE42DB670AE}.Debug|Any CPU.Build.0 = Debug|Any CPU
		{0C1C10B5-A6C9-4DAC-A2C2-2FE42DB670AE}.Release|Any CPU.ActiveCfg = Release|Any CPU
		{0C1C10B5-A6C9-4DAC-A2C2-2FE42DB670AE}.Release|Any CPU.Build.0 = Release|Any CPU
		{DF9D7C19-51ED-4E15-8964-30F893CA474A}.Debug|Any CPU.ActiveCfg = Debug|Any CPU
		{DF9D7C19-51ED-4E15-8964-30F893CA474A}.Debug|Any CPU.Build.0 = Debug|Any CPU
		{DF9D7C19-51ED-4E15-8964-30F893CA474A}.Release|Any CPU.ActiveCfg = Release|Any CPU
		{DF9D7C19-51ED-4E15-8964-30F893CA474A}.Release|Any CPU.Build.0 = Release|Any CPU
		{7EA2F11D-F943-4D19-856B-344F10D78EA9}.Debug|Any CPU.ActiveCfg = Debug|Any CPU
		{7EA2F11D-F943-4D19-856B-344F10D78EA9}.Debug|Any CPU.Build.0 = Debug|Any CPU
		{7EA2F11D-F943-4D19-856B-344F10D78EA9}.Release|Any CPU.ActiveCfg = Release|Any CPU
		{7EA2F11D-F943-4D19-856B-344F10D78EA9}.Release|Any CPU.Build.0 = Release|Any CPU
		{9A379B78-90C8-4D22-950E-3AB32C78899D}.Debug|Any CPU.ActiveCfg = Debug|Any CPU
		{9A379B78-90C8-4D22-950E-3AB32C78899D}.Debug|Any CPU.Build.0 = Debug|Any CPU
		{9A379B78-90C8-4D22-950E-3AB32C78899D}.Release|Any CPU.ActiveCfg = Release|Any CPU
		{9A379B78-90C8-4D22-950E-3AB32C78899D}.Release|Any CPU.Build.0 = Release|Any CPU
		{9A4829D7-6330-41AC-B7C5-B3DAD81F728F}.Debug|Any CPU.ActiveCfg = Debug|Any CPU
		{9A4829D7-6330-41AC-B7C5-B3DAD81F728F}.Debug|Any CPU.Build.0 = Debug|Any CPU
		{9A4829D7-6330-41AC-B7C5-B3DAD81F728F}.Release|Any CPU.ActiveCfg = Release|Any CPU
		{9A4829D7-6330-41AC-B7C5-B3DAD81F728F}.Release|Any CPU.Build.0 = Release|Any CPU
		{C7A5DF0C-6D90-4638-8D87-0DF16250A0E8}.Debug|Any CPU.ActiveCfg = Debug|Any CPU
		{C7A5DF0C-6D90-4638-8D87-0DF16250A0E8}.Debug|Any CPU.Build.0 = Debug|Any CPU
		{C7A5DF0C-6D90-4638-8D87-0DF16250A0E8}.Release|Any CPU.ActiveCfg = Release|Any CPU
		{C7A5DF0C-6D90-4638-8D87-0DF16250A0E8}.Release|Any CPU.Build.0 = Release|Any CPU
		{8C95AB2D-ED2B-4541-B929-C3FF332C2878}.Debug|Any CPU.ActiveCfg = Debug|Any CPU
		{8C95AB2D-ED2B-4541-B929-C3FF332C2878}.Debug|Any CPU.Build.0 = Debug|Any CPU
		{8C95AB2D-ED2B-4541-B929-C3FF332C2878}.Release|Any CPU.ActiveCfg = Release|Any CPU
		{8C95AB2D-ED2B-4541-B929-C3FF332C2878}.Release|Any CPU.Build.0 = Release|Any CPU
	EndGlobalSection
	GlobalSection(SolutionProperties) = preSolution
		HideSolutionNode = FALSE
	EndGlobalSection
EndGlobal
