
Microsoft Visual Studio Solution File, Format Version 12.00
# Visual Studio 14
VisualStudioVersion = 14.0.25420.1
MinimumVisualStudioVersion = 10.0.40219.1
Project("{FAE04EC0-301F-11D3-BF4B-00C04F79EFBC}") = "MythicalNumbers", "MythicalNumbers\MythicalNumbers.csproj", "{92EF922D-4B0B-49C5-9B1B-A40BC9D88DB6}"
EndProject
Project("{FAE04EC0-301F-11D3-BF4B-00C04F79EFBC}") = "JumpJump", "JumpJump\JumpJump.csproj", "{5B8E2A90-92C7-40B7-85C0-5617C4019292}"
EndProject
Project("{FAE04EC0-301F-11D3-BF4B-00C04F79EFBC}") = "HiddenMessage", "HiddenMessage\HiddenMessage.csproj", "{352ACF64-0B02-4BB9-B56A-97CBD9BC32A1}"
EndProject
Project("{FAE04EC0-301F-11D3-BF4B-00C04F79EFBC}") = "MixingNumbers", "MixingNumbers\MixingNumbers.csproj", "{32AC76FE-BE9E-4459-A35A-98E1954DF438}"
EndProject
Global
	GlobalSection(SolutionConfigurationPlatforms) = preSolution
		Debug|Any CPU = Debug|Any CPU
		Release|Any CPU = Release|Any CPU
	EndGlobalSection
	GlobalSection(ProjectConfigurationPlatforms) = postSolution
		{92EF922D-4B0B-49C5-9B1B-A40BC9D88DB6}.Debug|Any CPU.ActiveCfg = Debug|Any CPU
		{92EF922D-4B0B-49C5-9B1B-A40BC9D88DB6}.Debug|Any CPU.Build.0 = Debug|Any CPU
		{92EF922D-4B0B-49C5-9B1B-A40BC9D88DB6}.Release|Any CPU.ActiveCfg = Release|Any CPU
		{92EF922D-4B0B-49C5-9B1B-A40BC9D88DB6}.Release|Any CPU.Build.0 = Release|Any CPU
		{5B8E2A90-92C7-40B7-85C0-5617C4019292}.Debug|Any CPU.ActiveCfg = Debug|Any CPU
		{5B8E2A90-92C7-40B7-85C0-5617C4019292}.Debug|Any CPU.Build.0 = Debug|Any CPU
		{5B8E2A90-92C7-40B7-85C0-5617C4019292}.Release|Any CPU.ActiveCfg = Release|Any CPU
		{5B8E2A90-92C7-40B7-85C0-5617C4019292}.Release|Any CPU.Build.0 = Release|Any CPU
		{352ACF64-0B02-4BB9-B56A-97CBD9BC32A1}.Debug|Any CPU.ActiveCfg = Debug|Any CPU
		{352ACF64-0B02-4BB9-B56A-97CBD9BC32A1}.Debug|Any CPU.Build.0 = Debug|Any CPU
		{352ACF64-0B02-4BB9-B56A-97CBD9BC32A1}.Release|Any CPU.ActiveCfg = Release|Any CPU
		{352ACF64-0B02-4BB9-B56A-97CBD9BC32A1}.Release|Any CPU.Build.0 = Release|Any CPU
		{32AC76FE-BE9E-4459-A35A-98E1954DF438}.Debug|Any CPU.ActiveCfg = Debug|Any CPU
		{32AC76FE-BE9E-4459-A35A-98E1954DF438}.Debug|Any CPU.Build.0 = Debug|Any CPU
		{32AC76FE-BE9E-4459-A35A-98E1954DF438}.Release|Any CPU.ActiveCfg = Release|Any CPU
		{32AC76FE-BE9E-4459-A35A-98E1954DF438}.Release|Any CPU.Build.0 = Release|Any CPU
	EndGlobalSection
	GlobalSection(SolutionProperties) = preSolution
		HideSolutionNode = FALSE
	EndGlobalSection
EndGlobal
