
Microsoft Visual Studio Solution File, Format Version 12.00
# Visual Studio 14
VisualStudioVersion = 14.0.25420.1
MinimumVisualStudioVersion = 10.0.40219.1
Project("{FAE04EC0-301F-11D3-BF4B-00C04F79EFBC}") = "Distance", "Distance\Distance.csproj", "{4A930AEA-8C74-44FB-AE89-35458CEE6BCB}"
EndProject
Project("{FAE04EC0-301F-11D3-BF4B-00C04F79EFBC}") = "ChangeTiles", "ChangeTiles\ChangeTiles.csproj", "{F545F215-944A-4A5C-928C-68FFDBDFC27B}"
EndProject
Project("{FAE04EC0-301F-11D3-BF4B-00C04F79EFBC}") = "Flowers", "Flowers\Flowers.csproj", "{654A951D-C361-4C1B-8DD8-5A70609AA2EF}"
EndProject
Project("{FAE04EC0-301F-11D3-BF4B-00C04F79EFBC}") = "Grades", "Grades\Grades.csproj", "{B800915B-0136-48F6-861B-CAAF4A820FD1}"
EndProject
Project("{FAE04EC0-301F-11D3-BF4B-00C04F79EFBC}") = "ChristmasHat", "ChristmasHat\ChristmasHat.csproj", "{9011B37A-151C-4EA9-89D1-3F9BD8C035CE}"
EndProject
Project("{FAE04EC0-301F-11D3-BF4B-00C04F79EFBC}") = "LettersCombinations", "LettersCombinations\LettersCombinations.csproj", "{E2512BA5-7225-4B6C-B215-A37646FDFFD6}"
EndProject
Global
	GlobalSection(SolutionConfigurationPlatforms) = preSolution
		Debug|Any CPU = Debug|Any CPU
		Release|Any CPU = Release|Any CPU
	EndGlobalSection
	GlobalSection(ProjectConfigurationPlatforms) = postSolution
		{4A930AEA-8C74-44FB-AE89-35458CEE6BCB}.Debug|Any CPU.ActiveCfg = Debug|Any CPU
		{4A930AEA-8C74-44FB-AE89-35458CEE6BCB}.Debug|Any CPU.Build.0 = Debug|Any CPU
		{4A930AEA-8C74-44FB-AE89-35458CEE6BCB}.Release|Any CPU.ActiveCfg = Release|Any CPU
		{4A930AEA-8C74-44FB-AE89-35458CEE6BCB}.Release|Any CPU.Build.0 = Release|Any CPU
		{F545F215-944A-4A5C-928C-68FFDBDFC27B}.Debug|Any CPU.ActiveCfg = Debug|Any CPU
		{F545F215-944A-4A5C-928C-68FFDBDFC27B}.Debug|Any CPU.Build.0 = Debug|Any CPU
		{F545F215-944A-4A5C-928C-68FFDBDFC27B}.Release|Any CPU.ActiveCfg = Release|Any CPU
		{F545F215-944A-4A5C-928C-68FFDBDFC27B}.Release|Any CPU.Build.0 = Release|Any CPU
		{654A951D-C361-4C1B-8DD8-5A70609AA2EF}.Debug|Any CPU.ActiveCfg = Debug|Any CPU
		{654A951D-C361-4C1B-8DD8-5A70609AA2EF}.Debug|Any CPU.Build.0 = Debug|Any CPU
		{654A951D-C361-4C1B-8DD8-5A70609AA2EF}.Release|Any CPU.ActiveCfg = Release|Any CPU
		{654A951D-C361-4C1B-8DD8-5A70609AA2EF}.Release|Any CPU.Build.0 = Release|Any CPU
		{B800915B-0136-48F6-861B-CAAF4A820FD1}.Debug|Any CPU.ActiveCfg = Debug|Any CPU
		{B800915B-0136-48F6-861B-CAAF4A820FD1}.Debug|Any CPU.Build.0 = Debug|Any CPU
		{B800915B-0136-48F6-861B-CAAF4A820FD1}.Release|Any CPU.ActiveCfg = Release|Any CPU
		{B800915B-0136-48F6-861B-CAAF4A820FD1}.Release|Any CPU.Build.0 = Release|Any CPU
		{9011B37A-151C-4EA9-89D1-3F9BD8C035CE}.Debug|Any CPU.ActiveCfg = Debug|Any CPU
		{9011B37A-151C-4EA9-89D1-3F9BD8C035CE}.Debug|Any CPU.Build.0 = Debug|Any CPU
		{9011B37A-151C-4EA9-89D1-3F9BD8C035CE}.Release|Any CPU.ActiveCfg = Release|Any CPU
		{9011B37A-151C-4EA9-89D1-3F9BD8C035CE}.Release|Any CPU.Build.0 = Release|Any CPU
		{E2512BA5-7225-4B6C-B215-A37646FDFFD6}.Debug|Any CPU.ActiveCfg = Debug|Any CPU
		{E2512BA5-7225-4B6C-B215-A37646FDFFD6}.Debug|Any CPU.Build.0 = Debug|Any CPU
		{E2512BA5-7225-4B6C-B215-A37646FDFFD6}.Release|Any CPU.ActiveCfg = Release|Any CPU
		{E2512BA5-7225-4B6C-B215-A37646FDFFD6}.Release|Any CPU.Build.0 = Release|Any CPU
	EndGlobalSection
	GlobalSection(SolutionProperties) = preSolution
		HideSolutionNode = FALSE
	EndGlobalSection
EndGlobal
