
Microsoft Visual Studio Solution File, Format Version 12.00
# Visual Studio 14
VisualStudioVersion = 14.0.25420.1
MinimumVisualStudioVersion = 10.0.40219.1
Project("{FAE04EC0-301F-11D3-BF4B-00C04F79EFBC}") = "Task1BirdsAndFeathers", "Task1BirdsAndFeathers\Task1BirdsAndFeathers.csproj", "{E0598825-1815-44A2-A93C-729BC8520738}"
EndProject
Project("{FAE04EC0-301F-11D3-BF4B-00C04F79EFBC}") = "Task2Buses", "Task2Buses\Task2Buses.csproj", "{CD59065D-EA7D-4FF1-A813-A137777DBF66}"
EndProject
Project("{FAE04EC0-301F-11D3-BF4B-00C04F79EFBC}") = "NumberOfPages", "NumberOfPages\NumberOfPages.csproj", "{B52A860F-61C9-40E4-A7B3-917B8C9C0DD5}"
EndProject
Project("{FAE04EC0-301F-11D3-BF4B-00C04F79EFBC}") = "BobiAvokadoto", "BobiAvokadoto\BobiAvokadoto.csproj", "{1B7C869A-C2C7-4EC2-9D32-3C5186E20F86}"
EndProject
Project("{FAE04EC0-301F-11D3-BF4B-00C04F79EFBC}") = "Task1MutantSquirrels", "Task1MutantSquirrels\Task1MutantSquirrels.csproj", "{7A1232AE-7B41-41B3-BC1B-1CF079C4B218}"
EndProject
Project("{FAE04EC0-301F-11D3-BF4B-00C04F79EFBC}") = "Task2Speeds", "Task2Speeds\Task2Speeds.csproj", "{D74F15CA-F08B-4AB6-937B-E672C61E0BF4}"
EndProject
Project("{FAE04EC0-301F-11D3-BF4B-00C04F79EFBC}") = "Task3SumOfEvenDivisors", "Task3SumOfEvenDivisors\Task3SumOfEvenDivisors.csproj", "{3A82881C-7B0F-4145-8F04-486755DD96BE}"
EndProject
Project("{FAE04EC0-301F-11D3-BF4B-00C04F79EFBC}") = "SumOfOddDivisors", "SumOfOddDivisors\SumOfOddDivisors.csproj", "{E74293FF-D90C-48F0-88C1-491038FFC006}"
EndProject
Project("{FAE04EC0-301F-11D3-BF4B-00C04F79EFBC}") = "NumberOfPages1", "NumberOfPages1\NumberOfPages1.csproj", "{F7474217-B0B8-4F00-8248-92F3865CAE01}"
EndProject
Global
	GlobalSection(SolutionConfigurationPlatforms) = preSolution
		Debug|Any CPU = Debug|Any CPU
		Release|Any CPU = Release|Any CPU
	EndGlobalSection
	GlobalSection(ProjectConfigurationPlatforms) = postSolution
		{E0598825-1815-44A2-A93C-729BC8520738}.Debug|Any CPU.ActiveCfg = Debug|Any CPU
		{E0598825-1815-44A2-A93C-729BC8520738}.Debug|Any CPU.Build.0 = Debug|Any CPU
		{E0598825-1815-44A2-A93C-729BC8520738}.Release|Any CPU.ActiveCfg = Release|Any CPU
		{E0598825-1815-44A2-A93C-729BC8520738}.Release|Any CPU.Build.0 = Release|Any CPU
		{CD59065D-EA7D-4FF1-A813-A137777DBF66}.Debug|Any CPU.ActiveCfg = Debug|Any CPU
		{CD59065D-EA7D-4FF1-A813-A137777DBF66}.Debug|Any CPU.Build.0 = Debug|Any CPU
		{CD59065D-EA7D-4FF1-A813-A137777DBF66}.Release|Any CPU.ActiveCfg = Release|Any CPU
		{CD59065D-EA7D-4FF1-A813-A137777DBF66}.Release|Any CPU.Build.0 = Release|Any CPU
		{B52A860F-61C9-40E4-A7B3-917B8C9C0DD5}.Debug|Any CPU.ActiveCfg = Debug|Any CPU
		{B52A860F-61C9-40E4-A7B3-917B8C9C0DD5}.Debug|Any CPU.Build.0 = Debug|Any CPU
		{B52A860F-61C9-40E4-A7B3-917B8C9C0DD5}.Release|Any CPU.ActiveCfg = Release|Any CPU
		{B52A860F-61C9-40E4-A7B3-917B8C9C0DD5}.Release|Any CPU.Build.0 = Release|Any CPU
		{1B7C869A-C2C7-4EC2-9D32-3C5186E20F86}.Debug|Any CPU.ActiveCfg = Debug|Any CPU
		{1B7C869A-C2C7-4EC2-9D32-3C5186E20F86}.Debug|Any CPU.Build.0 = Debug|Any CPU
		{1B7C869A-C2C7-4EC2-9D32-3C5186E20F86}.Release|Any CPU.ActiveCfg = Release|Any CPU
		{1B7C869A-C2C7-4EC2-9D32-3C5186E20F86}.Release|Any CPU.Build.0 = Release|Any CPU
		{7A1232AE-7B41-41B3-BC1B-1CF079C4B218}.Debug|Any CPU.ActiveCfg = Debug|Any CPU
		{7A1232AE-7B41-41B3-BC1B-1CF079C4B218}.Debug|Any CPU.Build.0 = Debug|Any CPU
		{7A1232AE-7B41-41B3-BC1B-1CF079C4B218}.Release|Any CPU.ActiveCfg = Release|Any CPU
		{7A1232AE-7B41-41B3-BC1B-1CF079C4B218}.Release|Any CPU.Build.0 = Release|Any CPU
		{D74F15CA-F08B-4AB6-937B-E672C61E0BF4}.Debug|Any CPU.ActiveCfg = Debug|Any CPU
		{D74F15CA-F08B-4AB6-937B-E672C61E0BF4}.Debug|Any CPU.Build.0 = Debug|Any CPU
		{D74F15CA-F08B-4AB6-937B-E672C61E0BF4}.Release|Any CPU.ActiveCfg = Release|Any CPU
		{D74F15CA-F08B-4AB6-937B-E672C61E0BF4}.Release|Any CPU.Build.0 = Release|Any CPU
		{3A82881C-7B0F-4145-8F04-486755DD96BE}.Debug|Any CPU.ActiveCfg = Debug|Any CPU
		{3A82881C-7B0F-4145-8F04-486755DD96BE}.Debug|Any CPU.Build.0 = Debug|Any CPU
		{3A82881C-7B0F-4145-8F04-486755DD96BE}.Release|Any CPU.ActiveCfg = Release|Any CPU
		{3A82881C-7B0F-4145-8F04-486755DD96BE}.Release|Any CPU.Build.0 = Release|Any CPU
		{E74293FF-D90C-48F0-88C1-491038FFC006}.Debug|Any CPU.ActiveCfg = Debug|Any CPU
		{E74293FF-D90C-48F0-88C1-491038FFC006}.Debug|Any CPU.Build.0 = Debug|Any CPU
		{E74293FF-D90C-48F0-88C1-491038FFC006}.Release|Any CPU.ActiveCfg = Release|Any CPU
		{E74293FF-D90C-48F0-88C1-491038FFC006}.Release|Any CPU.Build.0 = Release|Any CPU
		{F7474217-B0B8-4F00-8248-92F3865CAE01}.Debug|Any CPU.ActiveCfg = Debug|Any CPU
		{F7474217-B0B8-4F00-8248-92F3865CAE01}.Debug|Any CPU.Build.0 = Debug|Any CPU
		{F7474217-B0B8-4F00-8248-92F3865CAE01}.Release|Any CPU.ActiveCfg = Release|Any CPU
		{F7474217-B0B8-4F00-8248-92F3865CAE01}.Release|Any CPU.Build.0 = Release|Any CPU
	EndGlobalSection
	GlobalSection(SolutionProperties) = preSolution
		HideSolutionNode = FALSE
	EndGlobalSection
EndGlobal
